
Microsoft Visual Studio Solution File, Format Version 12.00
# Visual Studio Version 17
VisualStudioVersion = 17.14.36221.1 d17.14
MinimumVisualStudioVersion = 10.0.40219.1
Project("{FAE04EC0-301F-11D3-BF4B-00C04F79EFBC}") = "PluginTemplate", "PluginTemplate\PluginTemplate.csproj", "{820E0F6A-5DC5-4646-97CC-6D6F17ACD17E}"
EndProject
Global
	GlobalSection(SolutionConfigurationPlatforms) = preSolution
		Debug|Any CPU = Debug|Any CPU
		Release|Any CPU = Release|Any CPU
	EndGlobalSection
	GlobalSection(ProjectConfigurationPlatforms) = postSolution
		{820E0F6A-5DC5-4646-97CC-6D6F17ACD17E}.Debug|Any CPU.ActiveCfg = Debug|Any CPU
		{820E0F6A-5DC5-4646-97CC-6D6F17ACD17E}.Debug|Any CPU.Build.0 = Debug|Any CPU
		{820E0F6A-5DC5-4646-97CC-6D6F17ACD17E}.Release|Any CPU.ActiveCfg = Release|Any CPU
		{820E0F6A-5DC5-4646-97CC-6D6F17ACD17E}.Release|Any CPU.Build.0 = Release|Any CPU
	EndGlobalSection
	GlobalSection(SolutionProperties) = preSolution
		HideSolutionNode = FALSE
	EndGlobalSection
	GlobalSection(ExtensibilityGlobals) = postSolution
		SolutionGuid = {CCC9664F-AE3E-4D91-90D2-073383B5615F}
	EndGlobalSection
EndGlobal
